<?xml version="1.0" encoding="utf-8"?>
<Project ToolsVersion="4.0" xmlns="http://schemas.microsoft.com/developer/msbuild/2003">
  <ItemGroup>
    <Filter Include="Quellcodedateien">
      <UniqueIdentifier>{8f23f90d-1af3-4488-b8b7-62fb82985733}</UniqueIdentifier>
      <Extensions>cpp;c;cxx;rc;def;r;odl;idl;hpj;bat</Extensions>
    </Filter>
    <Filter Include="Header-Dateien">
      <UniqueIdentifier>{043da1e0-52b5-4f4d-95c0-05851aa9c5bf}</UniqueIdentifier>
      <Extensions>h;hpp;hxx;hm;inl</Extensions>
    </Filter>
    <Filter Include="Ressourcendateien">
      <UniqueIdentifier>{50d12d6c-dcbf-4168-8015-5a32d714795a}</UniqueIdentifier>
      <Extensions>ico;cur;bmp;dlg;rc2;rct;bin;rgs;gif;jpg;jpeg;jpe</Extensions>
    </Filter>
  </ItemGroup>
  <ItemGroup>
    <ClCompile Include="shiftn_francais.cpp">
      <Filter>Quellcodedateien</Filter>
    </ClCompile>
    <ClCompile Include="StdAfx.cpp">
      <Filter>Quellcodedateien</Filter>
    </ClCompile>
  </ItemGroup>
  <ItemGroup>
    <None Include="shiftn_francais.def">
      <Filter>Quellcodedateien</Filter>
    </None>
    <None Include="res\shiftn_francais.rc2">
      <Filter>Ressourcendateien</Filter>
    </None>
  </ItemGroup>
  <ItemGroup>
    <ResourceCompile Include="shiftn_francais.rc">
      <Filter>Quellcodedateien</Filter>
    </ResourceCompile>
  </ItemGroup>
  <ItemGroup>
    <ClInclude Include="Resource.h">
      <Filter>Header-Dateien</Filter>
    </ClInclude>
    <ClInclude Include="shiftn_francais.h">
      <Filter>Header-Dateien</Filter>
    </ClInclude>
    <ClInclude Include="StdAfx.h">
      <Filter>Header-Dateien</Filter>
    </ClInclude>
  </ItemGroup>
</Project>