
Microsoft Visual Studio Solution File, Format Version 12.00
# Visual Studio 2013
VisualStudioVersion = 12.0.31101.0
MinimumVisualStudioVersion = 10.0.40219.1
Project("{8BC9CEB8-8B4A-11D0-8D11-00A0C91BC942}") = "example", "example.vcxproj", "{0B69F806-8E37-4A3B-9037-10603BE3F453}"
EndProject
Project("{8BC9CEB8-8B4A-11D0-8D11-00A0C91BC942}") = "minigzip", "minigzip.vcxproj", "{D193674E-0800-4FA0-BE02-155BBB0C54A2}"
EndProject
Project("{8BC9CEB8-8B4A-11D0-8D11-00A0C91BC942}") = "zlib", "zlib.vcxproj", "{3528A9B2-FF2A-4AED-BD14-D59CF487E86D}"
EndProject
Global
	GlobalSection(SolutionConfigurationPlatforms) = preSolution
		DLL ASM Debug|Win32 = DLL ASM Debug|Win32
		DLL ASM Release|Win32 = DLL ASM Release|Win32
		DLL Debug|Win32 = DLL Debug|Win32
		DLL Release|Win32 = DLL Release|Win32
		LIB ASM Debug|Win32 = LIB ASM Debug|Win32
		LIB ASM Release|Win32 = LIB ASM Release|Win32
		LIB Debug|Win32 = LIB Debug|Win32
		LIB Release|Win32 = LIB Release|Win32
	EndGlobalSection
	GlobalSection(ProjectConfigurationPlatforms) = postSolution
		{0B69F806-8E37-4A3B-9037-10603BE3F453}.DLL ASM Debug|Win32.ActiveCfg = DLL ASM Debug|Win32
		{0B69F806-8E37-4A3B-9037-10603BE3F453}.DLL ASM Debug|Win32.Build.0 = DLL ASM Debug|Win32
		{0B69F806-8E37-4A3B-9037-10603BE3F453}.DLL ASM Release|Win32.ActiveCfg = DLL ASM Release|Win32
		{0B69F806-8E37-4A3B-9037-10603BE3F453}.DLL ASM Release|Win32.Build.0 = DLL ASM Release|Win32
		{0B69F806-8E37-4A3B-9037-10603BE3F453}.DLL Debug|Win32.ActiveCfg = DLL Debug|Win32
		{0B69F806-8E37-4A3B-9037-10603BE3F453}.DLL Debug|Win32.Build.0 = DLL Debug|Win32
		{0B69F806-8E37-4A3B-9037-10603BE3F453}.DLL Release|Win32.ActiveCfg = DLL Release|Win32
		{0B69F806-8E37-4A3B-9037-10603BE3F453}.DLL Release|Win32.Build.0 = DLL Release|Win32
		{0B69F806-8E37-4A3B-9037-10603BE3F453}.LIB ASM Debug|Win32.ActiveCfg = LIB ASM Debug|Win32
		{0B69F806-8E37-4A3B-9037-10603BE3F453}.LIB ASM Debug|Win32.Build.0 = LIB ASM Debug|Win32
		{0B69F806-8E37-4A3B-9037-10603BE3F453}.LIB ASM Release|Win32.ActiveCfg = LIB ASM Release|Win32
		{0B69F806-8E37-4A3B-9037-10603BE3F453}.LIB ASM Release|Win32.Build.0 = LIB ASM Release|Win32
		{0B69F806-8E37-4A3B-9037-10603BE3F453}.LIB Debug|Win32.ActiveCfg = LIB Debug|Win32
		{0B69F806-8E37-4A3B-9037-10603BE3F453}.LIB Debug|Win32.Build.0 = LIB Debug|Win32
		{0B69F806-8E37-4A3B-9037-10603BE3F453}.LIB Release|Win32.ActiveCfg = LIB Release|Win32
		{0B69F806-8E37-4A3B-9037-10603BE3F453}.LIB Release|Win32.Build.0 = LIB Release|Win32
		{D193674E-0800-4FA0-BE02-155BBB0C54A2}.DLL ASM Debug|Win32.ActiveCfg = DLL ASM Debug|Win32
		{D193674E-0800-4FA0-BE02-155BBB0C54A2}.DLL ASM Debug|Win32.Build.0 = DLL ASM Debug|Win32
		{D193674E-0800-4FA0-BE02-155BBB0C54A2}.DLL ASM Release|Win32.ActiveCfg = DLL ASM Release|Win32
		{D193674E-0800-4FA0-BE02-155BBB0C54A2}.DLL ASM Release|Win32.Build.0 = DLL ASM Release|Win32
		{D193674E-0800-4FA0-BE02-155BBB0C54A2}.DLL Debug|Win32.ActiveCfg = DLL Debug|Win32
		{D193674E-0800-4FA0-BE02-155BBB0C54A2}.DLL Debug|Win32.Build.0 = DLL Debug|Win32
		{D193674E-0800-4FA0-BE02-155BBB0C54A2}.DLL Release|Win32.ActiveCfg = DLL Release|Win32
		{D193674E-0800-4FA0-BE02-155BBB0C54A2}.DLL Release|Win32.Build.0 = DLL Release|Win32
		{D193674E-0800-4FA0-BE02-155BBB0C54A2}.LIB ASM Debug|Win32.ActiveCfg = LIB ASM Debug|Win32
		{D193674E-0800-4FA0-BE02-155BBB0C54A2}.LIB ASM Debug|Win32.Build.0 = LIB ASM Debug|Win32
		{D193674E-0800-4FA0-BE02-155BBB0C54A2}.LIB ASM Release|Win32.ActiveCfg = LIB ASM Release|Win32
		{D193674E-0800-4FA0-BE02-155BBB0C54A2}.LIB ASM Release|Win32.Build.0 = LIB ASM Release|Win32
		{D193674E-0800-4FA0-BE02-155BBB0C54A2}.LIB Debug|Win32.ActiveCfg = LIB Debug|Win32
		{D193674E-0800-4FA0-BE02-155BBB0C54A2}.LIB Debug|Win32.Build.0 = LIB Debug|Win32
		{D193674E-0800-4FA0-BE02-155BBB0C54A2}.LIB Release|Win32.ActiveCfg = LIB Release|Win32
		{D193674E-0800-4FA0-BE02-155BBB0C54A2}.LIB Release|Win32.Build.0 = LIB Release|Win32
		{3528A9B2-FF2A-4AED-BD14-D59CF487E86D}.DLL ASM Debug|Win32.ActiveCfg = DLL ASM Debug|Win32
		{3528A9B2-FF2A-4AED-BD14-D59CF487E86D}.DLL ASM Debug|Win32.Build.0 = DLL ASM Debug|Win32
		{3528A9B2-FF2A-4AED-BD14-D59CF487E86D}.DLL ASM Release|Win32.ActiveCfg = DLL ASM Release|Win32
		{3528A9B2-FF2A-4AED-BD14-D59CF487E86D}.DLL ASM Release|Win32.Build.0 = DLL ASM Release|Win32
		{3528A9B2-FF2A-4AED-BD14-D59CF487E86D}.DLL Debug|Win32.ActiveCfg = DLL Debug|Win32
		{3528A9B2-FF2A-4AED-BD14-D59CF487E86D}.DLL Debug|Win32.Build.0 = DLL Debug|Win32
		{3528A9B2-FF2A-4AED-BD14-D59CF487E86D}.DLL Release|Win32.ActiveCfg = DLL Release|Win32
		{3528A9B2-FF2A-4AED-BD14-D59CF487E86D}.DLL Release|Win32.Build.0 = DLL Release|Win32
		{3528A9B2-FF2A-4AED-BD14-D59CF487E86D}.LIB ASM Debug|Win32.ActiveCfg = LIB ASM Debug|Win32
		{3528A9B2-FF2A-4AED-BD14-D59CF487E86D}.LIB ASM Debug|Win32.Build.0 = LIB ASM Debug|Win32
		{3528A9B2-FF2A-4AED-BD14-D59CF487E86D}.LIB ASM Release|Win32.ActiveCfg = LIB ASM Release|Win32
		{3528A9B2-FF2A-4AED-BD14-D59CF487E86D}.LIB ASM Release|Win32.Build.0 = LIB ASM Release|Win32
		{3528A9B2-FF2A-4AED-BD14-D59CF487E86D}.LIB Debug|Win32.ActiveCfg = LIB Debug|Win32
		{3528A9B2-FF2A-4AED-BD14-D59CF487E86D}.LIB Debug|Win32.Build.0 = LIB Debug|Win32
		{3528A9B2-FF2A-4AED-BD14-D59CF487E86D}.LIB Release|Win32.ActiveCfg = LIB Release|Win32
		{3528A9B2-FF2A-4AED-BD14-D59CF487E86D}.LIB Release|Win32.Build.0 = LIB Release|Win32
	EndGlobalSection
	GlobalSection(SolutionProperties) = preSolution
		HideSolutionNode = FALSE
	EndGlobalSection
EndGlobal
